// !$*UTF8*$!
{
	archiveVersion = 1;
	classes = {
	};
	objectVersion = 50;
	objects = {

/* Begin PBXBuildFile section */
		6332975522B288220021F7F2 /* AppDelegate.swift in Sources */ = {isa = PBXBuildFile; fileRef = 6332975422B288220021F7F2 /* AppDelegate.swift */; };
		6332975722B288220021F7F2 /* SceneDelegate.swift in Sources */ = {isa = PBXBuildFile; fileRef = 6332975622B288220021F7F2 /* SceneDelegate.swift */; };
		6332975922B288220021F7F2 /* ContentView.swift in Sources */ = {isa = PBXBuildFile; fileRef = 6332975822B288220021F7F2 /* ContentView.swift */; };
		6332975B22B288240021F7F2 /* Assets.xcassets in Resources */ = {isa = PBXBuildFile; fileRef = 6332975A22B288240021F7F2 /* Assets.xcassets */; };
		6332975E22B288240021F7F2 /* Preview Assets.xcassets in Resources */ = {isa = PBXBuildFile; fileRef = 6332975D22B288240021F7F2 /* Preview Assets.xcassets */; };
		6332976122B288240021F7F2 /* LaunchScreen.storyboard in Resources */ = {isa = PBXBuildFile; fileRef = 6332975F22B288240021F7F2 /* LaunchScreen.storyboard */; };
		6332976C22B288240021F7F2 /* DRBCircSliderTests.swift in Sources */ = {isa = PBXBuildFile; fileRef = 6332976B22B288240021F7F2 /* DRBCircSliderTests.swift */; };
		6332977722B288240021F7F2 /* DRBCircSliderUITests.swift in Sources */ = {isa = PBXBuildFile; fileRef = 6332977622B288240021F7F2 /* DRBCircSliderUITests.swift */; };
		63817FB522B67CA300A85355 /* Default-568h@2x.png in Resources */ = {isa = PBXBuildFile; fileRef = 63817FB422B67CA300A85355 /* Default-568h@2x.png */; };
		FC5C39FD22BA19F0001C09AA /* DRBCircularSliderData.swift in Sources */ = {isa = PBXBuildFile; fileRef = FC5C39FC22BA19F0001C09AA /* DRBCircularSliderData.swift */; };
		FC5C39FF22BA2E37001C09AA /* DRBCircularSliderView.swift in Sources */ = {isa = PBXBuildFile; fileRef = FC5C39FE22BA2E37001C09AA /* DRBCircularSliderView.swift */; };
/* End PBXBuildFile section */

/* Begin PBXContainerItemProxy section */
		6332976822B288240021F7F2 /* PBXContainerItemProxy */ = {
			isa = PBXContainerItemProxy;
			containerPortal = 6332974922B288220021F7F2 /* Project object */;
			proxyType = 1;
			remoteGlobalIDString = 6332975022B288220021F7F2;
			remoteInfo = DRBCircSlider;
		};
		6332977322B288240021F7F2 /* PBXContainerItemProxy */ = {
			isa = PBXContainerItemProxy;
			containerPortal = 6332974922B288220021F7F2 /* Project object */;
			proxyType = 1;
			remoteGlobalIDString = 6332975022B288220021F7F2;
			remoteInfo = DRBCircSlider;
		};
/* End PBXContainerItemProxy section */

/* Begin PBXFileReference section */
		6332975122B288220021F7F2 /* DRBCircularSlider.app */ = {isa = PBXFileReference; explicitFileType = wrapper.application; includeInIndex = 0; path = DRBCircularSlider.app; sourceTree = BUILT_PRODUCTS_DIR; };
		6332975422B288220021F7F2 /* AppDelegate.swift */ = {isa = PBXFileReference; lastKnownFileType = sourcecode.swift; path = AppDelegate.swift; sourceTree = "<group>"; };
		6332975622B288220021F7F2 /* SceneDelegate.swift */ = {isa = PBXFileReference; lastKnownFileType = sourcecode.swift; path = SceneDelegate.swift; sourceTree = "<group>"; };
		6332975822B288220021F7F2 /* ContentView.swift */ = {isa = PBXFileReference; lastKnownFileType = sourcecode.swift; path = ContentView.swift; sourceTree = "<group>"; };
		6332975A22B288240021F7F2 /* Assets.xcassets */ = {isa = PBXFileReference; lastKnownFileType = folder.assetcatalog; path = Assets.xcassets; sourceTree = "<group>"; };
		6332975D22B288240021F7F2 /* Preview Assets.xcassets */ = {isa = PBXFileReference; lastKnownFileType = folder.assetcatalog; path = "Preview Assets.xcassets"; sourceTree = "<group>"; };
		6332976022B288240021F7F2 /* Base */ = {isa = PBXFileReference; lastKnownFileType = file.storyboard; name = Base; path = Base.lproj/LaunchScreen.storyboard; sourceTree = "<group>"; };
		6332976222B288240021F7F2 /* Info.plist */ = {isa = PBXFileReference; lastKnownFileType = text.plist.xml; path = Info.plist; sourceTree = "<group>"; };
		6332976722B288240021F7F2 /* DRBCircularSliderTests.xctest */ = {isa = PBXFileReference; explicitFileType = wrapper.cfbundle; includeInIndex = 0; path = DRBCircularSliderTests.xctest; sourceTree = BUILT_PRODUCTS_DIR; };
		6332976B22B288240021F7F2 /* DRBCircSliderTests.swift */ = {isa = PBXFileReference; lastKnownFileType = sourcecode.swift; path = DRBCircSliderTests.swift; sourceTree = "<group>"; };
		6332976D22B288240021F7F2 /* Info.plist */ = {isa = PBXFileReference; lastKnownFileType = text.plist.xml; path = Info.plist; sourceTree = "<group>"; };
		6332977222B288240021F7F2 /* DRBCircularSliderUITests.xctest */ = {isa = PBXFileReference; explicitFileType = wrapper.cfbundle; includeInIndex = 0; path = DRBCircularSliderUITests.xctest; sourceTree = BUILT_PRODUCTS_DIR; };
		6332977622B288240021F7F2 /* DRBCircSliderUITests.swift */ = {isa = PBXFileReference; lastKnownFileType = sourcecode.swift; path = DRBCircSliderUITests.swift; sourceTree = "<group>"; };
		6332977822B288240021F7F2 /* Info.plist */ = {isa = PBXFileReference; lastKnownFileType = text.plist.xml; path = Info.plist; sourceTree = "<group>"; };
		63817FB422B67CA300A85355 /* Default-568h@2x.png */ = {isa = PBXFileReference; lastKnownFileType = image.png; path = "Default-568h@2x.png"; sourceTree = "<group>"; };
		FC5C39FC22BA19F0001C09AA /* DRBCircularSliderData.swift */ = {isa = PBXFileReference; lastKnownFileType = sourcecode.swift; path = DRBCircularSliderData.swift; sourceTree = "<group>"; };
		FC5C39FE22BA2E37001C09AA /* DRBCircularSliderView.swift */ = {isa = PBXFileReference; lastKnownFileType = sourcecode.swift; path = DRBCircularSliderView.swift; sourceTree = "<group>"; };
/* End PBXFileReference section */

/* Begin PBXFrameworksBuildPhase section */
		6332974E22B288220021F7F2 /* Frameworks */ = {
			isa = PBXFrameworksBuildPhase;
			buildActionMask = 2147483647;
			files = (
			);
			runOnlyForDeploymentPostprocessing = 0;
		};
		6332976422B288240021F7F2 /* Frameworks */ = {
			isa = PBXFrameworksBuildPhase;
			buildActionMask = 2147483647;
			files = (
			);
			runOnlyForDeploymentPostprocessing = 0;
		};
		6332976F22B288240021F7F2 /* Frameworks */ = {
			isa = PBXFrameworksBuildPhase;
			buildActionMask = 2147483647;
			files = (
			);
			runOnlyForDeploymentPostprocessing = 0;
		};
/* End PBXFrameworksBuildPhase section */

/* Begin PBXGroup section */
		6332974822B288220021F7F2 = {
			isa = PBXGroup;
			children = (
				63817FB422B67CA300A85355 /* Default-568h@2x.png */,
				6332975322B288220021F7F2 /* DRBCircularSlider */,
				6332976A22B288240021F7F2 /* DRBCircularSliderTests */,
				6332977522B288240021F7F2 /* DRBCircularSliderUITests */,
				6332975222B288220021F7F2 /* Products */,
			);
			sourceTree = "<group>";
		};
		6332975222B288220021F7F2 /* Products */ = {
			isa = PBXGroup;
			children = (
				6332975122B288220021F7F2 /* DRBCircularSlider.app */,
				6332976722B288240021F7F2 /* DRBCircularSliderTests.xctest */,
				6332977222B288240021F7F2 /* DRBCircularSliderUITests.xctest */,
			);
			name = Products;
			sourceTree = "<group>";
		};
		6332975322B288220021F7F2 /* DRBCircularSlider */ = {
			isa = PBXGroup;
			children = (
				6332975422B288220021F7F2 /* AppDelegate.swift */,
				6332975622B288220021F7F2 /* SceneDelegate.swift */,
				6332975822B288220021F7F2 /* ContentView.swift */,
				FC5C39FE22BA2E37001C09AA /* DRBCircularSliderView.swift */,
				FC5C39FC22BA19F0001C09AA /* DRBCircularSliderData.swift */,
				6332975A22B288240021F7F2 /* Assets.xcassets */,
				6332975F22B288240021F7F2 /* LaunchScreen.storyboard */,
				6332976222B288240021F7F2 /* Info.plist */,
				6332975C22B288240021F7F2 /* Preview Content */,
			);
			path = DRBCircularSlider;
			sourceTree = "<group>";
		};
		6332975C22B288240021F7F2 /* Preview Content */ = {
			isa = PBXGroup;
			children = (
				6332975D22B288240021F7F2 /* Preview Assets.xcassets */,
			);
			path = "Preview Content";
			sourceTree = "<group>";
		};
		6332976A22B288240021F7F2 /* DRBCircularSliderTests */ = {
			isa = PBXGroup;
			children = (
				6332976B22B288240021F7F2 /* DRBCircSliderTests.swift */,
				6332976D22B288240021F7F2 /* Info.plist */,
			);
			path = DRBCircularSliderTests;
			sourceTree = "<group>";
		};
		6332977522B288240021F7F2 /* DRBCircularSliderUITests */ = {
			isa = PBXGroup;
			children = (
				6332977622B288240021F7F2 /* DRBCircSliderUITests.swift */,
				6332977822B288240021F7F2 /* Info.plist */,
			);
			path = DRBCircularSliderUITests;
			sourceTree = "<group>";
		};
/* End PBXGroup section */

/* Begin PBXNativeTarget section */
		6332975022B288220021F7F2 /* DRBCircularSlider */ = {
			isa = PBXNativeTarget;
			buildConfigurationList = 6332977B22B288240021F7F2 /* Build configuration list for PBXNativeTarget "DRBCircularSlider" */;
			buildPhases = (
				6332974D22B288220021F7F2 /* Sources */,
				6332974E22B288220021F7F2 /* Frameworks */,
				6332974F22B288220021F7F2 /* Resources */,
			);
			buildRules = (
			);
			dependencies = (
			);
			name = DRBCircularSlider;
			productName = DRBCircSlider;
			productReference = 6332975122B288220021F7F2 /* DRBCircularSlider.app */;
			productType = "com.apple.product-type.application";
		};
		6332976622B288240021F7F2 /* DRBCircularSliderTests */ = {
			isa = PBXNativeTarget;
			buildConfigurationList = 6332977E22B288240021F7F2 /* Build configuration list for PBXNativeTarget "DRBCircularSliderTests" */;
			buildPhases = (
				6332976322B288240021F7F2 /* Sources */,
				6332976422B288240021F7F2 /* Frameworks */,
				6332976522B288240021F7F2 /* Resources */,
			);
			buildRules = (
			);
			dependencies = (
				6332976922B288240021F7F2 /* PBXTargetDependency */,
			);
			name = DRBCircularSliderTests;
			productName = DRBCircSliderTests;
			productReference = 6332976722B288240021F7F2 /* DRBCircularSliderTests.xctest */;
			productType = "com.apple.product-type.bundle.unit-test";
		};
		6332977122B288240021F7F2 /* DRBCircularSliderUITests */ = {
			isa = PBXNativeTarget;
			buildConfigurationList = 6332978122B288240021F7F2 /* Build configuration list for PBXNativeTarget "DRBCircularSliderUITests" */;
			buildPhases = (
				6332976E22B288240021F7F2 /* Sources */,
				6332976F22B288240021F7F2 /* Frameworks */,
				6332977022B288240021F7F2 /* Resources */,
			);
			buildRules = (
			);
			dependencies = (
				6332977422B288240021F7F2 /* PBXTargetDependency */,
			);
			name = DRBCircularSliderUITests;
			productName = DRBCircSliderUITests;
			productReference = 6332977222B288240021F7F2 /* DRBCircularSliderUITests.xctest */;
			productType = "com.apple.product-type.bundle.ui-testing";
		};
/* End PBXNativeTarget section */

/* Begin PBXProject section */
		6332974922B288220021F7F2 /* Project object */ = {
			isa = PBXProject;
			attributes = {
				LastSwiftUpdateCheck = 1100;
				LastUpgradeCheck = 1100;
				ORGANIZATIONNAME = "Dave Barfoot";
				TargetAttributes = {
					6332975022B288220021F7F2 = {
						CreatedOnToolsVersion = 11.0;
					};
					6332976622B288240021F7F2 = {
						CreatedOnToolsVersion = 11.0;
						TestTargetID = 6332975022B288220021F7F2;
					};
					6332977122B288240021F7F2 = {
						CreatedOnToolsVersion = 11.0;
						TestTargetID = 6332975022B288220021F7F2;
					};
				};
			};
			buildConfigurationList = 6332974C22B288220021F7F2 /* Build configuration list for PBXProject "DRBCircularSlider" */;
			compatibilityVersion = "Xcode 9.3";
			developmentRegion = en;
			hasScannedForEncodings = 0;
			knownRegions = (
				en,
				Base,
			);
			mainGroup = 6332974822B288220021F7F2;
			productRefGroup = 6332975222B288220021F7F2 /* Products */;
			projectDirPath = "";
			projectRoot = "";
			targets = (
				6332975022B288220021F7F2 /* DRBCircularSlider */,
				6332976622B288240021F7F2 /* DRBCircularSliderTests */,
				6332977122B288240021F7F2 /* DRBCircularSliderUITests */,
			);
		};
/* End PBXProject section */

/* Begin PBXResourcesBuildPhase section */
		6332974F22B288220021F7F2 /* Resources */ = {
			isa = PBXResourcesBuildPhase;
			buildActionMask = 2147483647;
			files = (
				6332976122B288240021F7F2 /* LaunchScreen.storyboard in Resources */,
				63817FB522B67CA300A85355 /* Default-568h@2x.png in Resources */,
				6332975E22B288240021F7F2 /* Preview Assets.xcassets in Resources */,
				6332975B22B288240021F7F2 /* Assets.xcassets in Resources */,
			);
			runOnlyForDeploymentPostprocessing = 0;
		};
		6332976522B288240021F7F2 /* Resources */ = {
			isa = PBXResourcesBuildPhase;
			buildActionMask = 2147483647;
			files = (
			);
			runOnlyForDeploymentPostprocessing = 0;
		};
		6332977022B288240021F7F2 /* Resources */ = {
			isa = PBXResourcesBuildPhase;
			buildActionMask = 2147483647;
			files = (
			);
			runOnlyForDeploymentPostprocessing = 0;
		};
/* End PBXResourcesBuildPhase section */

/* Begin PBXSourcesBuildPhase section */
		6332974D22B288220021F7F2 /* Sources */ = {
			isa = PBXSourcesBuildPhase;
			buildActionMask = 2147483647;
			files = (
				FC5C39FD22BA19F0001C09AA /* DRBCircularSliderData.swift in Sources */,
				6332975522B288220021F7F2 /* AppDelegate.swift in Sources */,
				6332975722B288220021F7F2 /* SceneDelegate.swift in Sources */,
				6332975922B288220021F7F2 /* ContentView.swift in Sources */,
				FC5C39FF22BA2E37001C09AA /* DRBCircularSliderView.swift in Sources */,
			);
			runOnlyForDeploymentPostprocessing = 0;
		};
		6332976322B288240021F7F2 /* Sources */ = {
			isa = PBXSourcesBuildPhase;
			buildActionMask = 2147483647;
			files = (
				6332976C22B288240021F7F2 /* DRBCircSliderTests.swift in Sources */,
			);
			runOnlyForDeploymentPostprocessing = 0;
		};
		6332976E22B288240021F7F2 /* Sources */ = {
			isa = PBXSourcesBuildPhase;
			buildActionMask = 2147483647;
			files = (
				6332977722B288240021F7F2 /* DRBCircSliderUITests.swift in Sources */,
			);
			runOnlyForDeploymentPostprocessing = 0;
		};
/* End PBXSourcesBuildPhase section */

/* Begin PBXTargetDependency section */
		6332976922B288240021F7F2 /* PBXTargetDependency */ = {
			isa = PBXTargetDependency;
			target = 6332975022B288220021F7F2 /* DRBCircularSlider */;
			targetProxy = 6332976822B288240021F7F2 /* PBXContainerItemProxy */;
		};
		6332977422B288240021F7F2 /* PBXTargetDependency */ = {
			isa = PBXTargetDependency;
			target = 6332975022B288220021F7F2 /* DRBCircularSlider */;
			targetProxy = 6332977322B288240021F7F2 /* PBXContainerItemProxy */;
		};
/* End PBXTargetDependency section */

/* Begin PBXVariantGroup section */
		6332975F22B288240021F7F2 /* LaunchScreen.storyboard */ = {
			isa = PBXVariantGroup;
			children = (
				6332976022B288240021F7F2 /* Base */,
			);
			name = LaunchScreen.storyboard;
			sourceTree = "<group>";
		};
/* End PBXVariantGroup section */

/* Begin XCBuildConfiguration section */
		6332977922B288240021F7F2 /* Debug */ = {
			isa = XCBuildConfiguration;
			buildSettings = {
				ALWAYS_SEARCH_USER_PATHS = NO;
				CLANG_ANALYZER_NONNULL = YES;
				CLANG_ANALYZER_NUMBER_OBJECT_CONVERSION = YES_AGGRESSIVE;
				CLANG_CXX_LANGUAGE_STANDARD = "gnu++14";
				CLANG_CXX_LIBRARY = "libc++";
				CLANG_ENABLE_MODULES = YES;
				CLANG_ENABLE_OBJC_ARC = YES;
				CLANG_ENABLE_OBJC_WEAK = YES;
				CLANG_WARN_BLOCK_CAPTURE_AUTORELEASING = YES;
				CLANG_WARN_BOOL_CONVERSION = YES;
				CLANG_WARN_COMMA = YES;
				CLANG_WARN_CONSTANT_CONVERSION = YES;
				CLANG_WARN_DEPRECATED_OBJC_IMPLEMENTATIONS = YES;
				CLANG_WARN_DIRECT_OBJC_ISA_USAGE = YES_ERROR;
				CLANG_WARN_DOCUMENTATION_COMMENTS = YES;
				CLANG_WARN_EMPTY_BODY = YES;
				CLANG_WARN_ENUM_CONVERSION = YES;
				CLANG_WARN_INFINITE_RECURSION = YES;
				CLANG_WARN_INT_CONVERSION = YES;
				CLANG_WARN_NON_LITERAL_NULL_CONVERSION = YES;
				CLANG_WARN_OBJC_IMPLICIT_RETAIN_SELF = YES;
				CLANG_WARN_OBJC_LITERAL_CONVERSION = YES;
				CLANG_WARN_OBJC_ROOT_CLASS = YES_ERROR;
				CLANG_WARN_RANGE_LOOP_ANALYSIS = YES;
				CLANG_WARN_STRICT_PROTOTYPES = YES;
				CLANG_WARN_SUSPICIOUS_MOVE = YES;
				CLANG_WARN_UNGUARDED_AVAILABILITY = YES_AGGRESSIVE;
				CLANG_WARN_UNREACHABLE_CODE = YES;
				CLANG_WARN__DUPLICATE_METHOD_MATCH = YES;
				COPY_PHASE_STRIP = NO;
				DEBUG_INFORMATION_FORMAT = dwarf;
				ENABLE_STRICT_OBJC_MSGSEND = YES;
				ENABLE_TESTABILITY = YES;
				GCC_C_LANGUAGE_STANDARD = gnu11;
				GCC_DYNAMIC_NO_PIC = NO;
				GCC_NO_COMMON_BLOCKS = YES;
				GCC_OPTIMIZATION_LEVEL = 0;
				GCC_PREPROCESSOR_DEFINITIONS = (
					"DEBUG=1",
					"$(inherited)",
				);
				GCC_WARN_64_TO_32_BIT_CONVERSION = YES;
				GCC_WARN_ABOUT_RETURN_TYPE = YES_ERROR;
				GCC_WARN_UNDECLARED_SELECTOR = YES;
				GCC_WARN_UNINITIALIZED_AUTOS = YES_AGGRESSIVE;
				GCC_WARN_UNUSED_FUNCTION = YES;
				GCC_WARN_UNUSED_VARIABLE = YES;
				IPHONEOS_DEPLOYMENT_TARGET = 13.0;
				MTL_ENABLE_DEBUG_INFO = INCLUDE_SOURCE;
				MTL_FAST_MATH = YES;
				ONLY_ACTIVE_ARCH = YES;
				SDKROOT = iphoneos;
				SWIFT_ACTIVE_COMPILATION_CONDITIONS = DEBUG;
				SWIFT_OPTIMIZATION_LEVEL = "-Onone";
			};
			name = Debug;
		};
		6332977A22B288240021F7F2 /* Release */ = {
			isa = XCBuildConfiguration;
			buildSettings = {
				ALWAYS_SEARCH_USER_PATHS = NO;
				CLANG_ANALYZER_NONNULL = YES;
				CLANG_ANALYZER_NUMBER_OBJECT_CONVERSION = YES_AGGRESSIVE;
				CLANG_CXX_LANGUAGE_STANDARD = "gnu++14";
				CLANG_CXX_LIBRARY = "libc++";
				CLANG_ENABLE_MODULES = YES;
				CLANG_ENABLE_OBJC_ARC = YES;
				CLANG_ENABLE_OBJC_WEAK = YES;
				CLANG_WARN_BLOCK_CAPTURE_AUTORELEASING = YES;
				CLANG_WARN_BOOL_CONVERSION = YES;
				CLANG_WARN_COMMA = YES;
				CLANG_WARN_CONSTANT_CONVERSION = YES;
				CLANG_WARN_DEPRECATED_OBJC_IMPLEMENTATIONS = YES;
				CLANG_WARN_DIRECT_OBJC_ISA_USAGE = YES_ERROR;
				CLANG_WARN_DOCUMENTATION_COMMENTS = YES;
				CLANG_WARN_EMPTY_BODY = YES;
				CLANG_WARN_ENUM_CONVERSION = YES;
				CLANG_WARN_INFINITE_RECURSION = YES;
				CLANG_WARN_INT_CONVERSION = YES;
				CLANG_WARN_NON_LITERAL_NULL_CONVERSION = YES;
				CLANG_WARN_OBJC_IMPLICIT_RETAIN_SELF = YES;
				CLANG_WARN_OBJC_LITERAL_CONVERSION = YES;
				CLANG_WARN_OBJC_ROOT_CLASS = YES_ERROR;
				CLANG_WARN_RANGE_LOOP_ANALYSIS = YES;
				CLANG_WARN_STRICT_PROTOTYPES = YES;
				CLANG_WARN_SUSPICIOUS_MOVE = YES;
				CLANG_WARN_UNGUARDED_AVAILABILITY = YES_AGGRESSIVE;
				CLANG_WARN_UNREACHABLE_CODE = YES;
				CLANG_WARN__DUPLICATE_METHOD_MATCH = YES;
				COPY_PHASE_STRIP = NO;
				DEBUG_INFORMATION_FORMAT = "dwarf-with-dsym";
				ENABLE_NS_ASSERTIONS = NO;
				ENABLE_STRICT_OBJC_MSGSEND = YES;
				GCC_C_LANGUAGE_STANDARD = gnu11;
				GCC_NO_COMMON_BLOCKS = YES;
				GCC_WARN_64_TO_32_BIT_CONVERSION = YES;
				GCC_WARN_ABOUT_RETURN_TYPE = YES_ERROR;
				GCC_WARN_UNDECLARED_SELECTOR = YES;
				GCC_WARN_UNINITIALIZED_AUTOS = YES_AGGRESSIVE;
				GCC_WARN_UNUSED_FUNCTION = YES;
				GCC_WARN_UNUSED_VARIABLE = YES;
				IPHONEOS_DEPLOYMENT_TARGET = 13.0;
				MTL_ENABLE_DEBUG_INFO = NO;
				MTL_FAST_MATH = YES;
				SDKROOT = iphoneos;
				SWIFT_COMPILATION_MODE = wholemodule;
				SWIFT_OPTIMIZATION_LEVEL = "-O";
				VALIDATE_PRODUCT = YES;
			};
			name = Release;
		};
		6332977C22B288240021F7F2 /* Debug */ = {
			isa = XCBuildConfiguration;
			buildSettings = {
				ASSETCATALOG_COMPILER_APPICON_NAME = AppIcon;
				CODE_SIGN_STYLE = Automatic;
				DEVELOPMENT_ASSET_PATHS = "DRBCircularSlider/Preview\\ Content";
				DEVELOPMENT_TEAM = 69H53MEM65;
				ENABLE_PREVIEWS = YES;
				INFOPLIST_FILE = DRBCircularSlider/Info.plist;
				LD_RUNPATH_SEARCH_PATHS = (
					"$(inherited)",
					"@executable_path/Frameworks",
				);
				PRODUCT_BUNDLE_IDENTIFIER = com.davebarfoot.DRBCircularSlider;
				PRODUCT_NAME = "$(TARGET_NAME)";
				SWIFT_VERSION = 5.0;
				TARGETED_DEVICE_FAMILY = "1,2";
			};
			name = Debug;
		};
		6332977D22B288240021F7F2 /* Release */ = {
			isa = XCBuildConfiguration;
			buildSettings = {
				ASSETCATALOG_COMPILER_APPICON_NAME = AppIcon;
				CODE_SIGN_STYLE = Automatic;
				DEVELOPMENT_ASSET_PATHS = "DRBCircularSlider/Preview\\ Content";
				DEVELOPMENT_TEAM = 69H53MEM65;
				ENABLE_PREVIEWS = YES;
				INFOPLIST_FILE = DRBCircularSlider/Info.plist;
				LD_RUNPATH_SEARCH_PATHS = (
					"$(inherited)",
					"@executable_path/Frameworks",
				);
				PRODUCT_BUNDLE_IDENTIFIER = com.davebarfoot.DRBCircularSlider;
				PRODUCT_NAME = "$(TARGET_NAME)";
				SWIFT_VERSION = 5.0;
				TARGETED_DEVICE_FAMILY = "1,2";
			};
			name = Release;
		};
		6332977F22B288240021F7F2 /* Debug */ = {
			isa = XCBuildConfiguration;
			buildSettings = {
				ALWAYS_EMBED_SWIFT_STANDARD_LIBRARIES = YES;
				BUNDLE_LOADER = "$(TEST_HOST)";
				CODE_SIGN_STYLE = Automatic;
				DEVELOPMENT_TEAM = 69H53MEM65;
				INFOPLIST_FILE = DRBCircularSliderTests/Info.plist;
				LD_RUNPATH_SEARCH_PATHS = (
					"$(inherited)",
					"@executable_path/Frameworks",
					"@loader_path/Frameworks",
				);
				PRODUCT_BUNDLE_IDENTIFIER = com.davebarfoot.DRBCircularSliderTests;
				PRODUCT_NAME = "$(TARGET_NAME)";
				SWIFT_VERSION = 5.0;
				TARGETED_DEVICE_FAMILY = "1,2";
				TEST_HOST = "$(BUILT_PRODUCTS_DIR)/DRBCircularSlider.app/DRBCircularSlider";
			};
			name = Debug;
		};
		6332978022B288240021F7F2 /* Release */ = {
			isa = XCBuildConfiguration;
			buildSettings = {
				ALWAYS_EMBED_SWIFT_STANDARD_LIBRARIES = YES;
				BUNDLE_LOADER = "$(TEST_HOST)";
				CODE_SIGN_STYLE = Automatic;
				DEVELOPMENT_TEAM = 69H53MEM65;
				INFOPLIST_FILE = DRBCircularSliderTests/Info.plist;
				LD_RUNPATH_SEARCH_PATHS = (
					"$(inherited)",
					"@executable_path/Frameworks",
					"@loader_path/Frameworks",
				);
				PRODUCT_BUNDLE_IDENTIFIER = com.davebarfoot.DRBCircularSliderTests;
				PRODUCT_NAME = "$(TARGET_NAME)";
				SWIFT_VERSION = 5.0;
				TARGETED_DEVICE_FAMILY = "1,2";
				TEST_HOST = "$(BUILT_PRODUCTS_DIR)/DRBCircularSlider.app/DRBCircularSlider";
			};
			name = Release;
		};
		6332978222B288240021F7F2 /* Debug */ = {
			isa = XCBuildConfiguration;
			buildSettings = {
				ALWAYS_EMBED_SWIFT_STANDARD_LIBRARIES = YES;
				CODE_SIGN_STYLE = Automatic;
				DEVELOPMENT_TEAM = 69H53MEM65;
				INFOPLIST_FILE = DRBCircularSliderUITests/Info.plist;
				LD_RUNPATH_SEARCH_PATHS = (
					"$(inherited)",
					"@executable_path/Frameworks",
					"@loader_path/Frameworks",
				);
				PRODUCT_BUNDLE_IDENTIFIER = com.davebarfoot.DRBCircularSliderUITests;
				PRODUCT_NAME = "$(TARGET_NAME)";
				SWIFT_VERSION = 5.0;
				TARGETED_DEVICE_FAMILY = "1,2";
				TEST_TARGET_NAME = DRBCircularSlider;
			};
			name = Debug;
		};
		6332978322B288240021F7F2 /* Release */ = {
			isa = XCBuildConfiguration;
			buildSettings = {
				ALWAYS_EMBED_SWIFT_STANDARD_LIBRARIES = YES;
				CODE_SIGN_STYLE = Automatic;
				DEVELOPMENT_TEAM = 69H53MEM65;
				INFOPLIST_FILE = DRBCircularSliderUITests/Info.plist;
				LD_RUNPATH_SEARCH_PATHS = (
					"$(inherited)",
					"@executable_path/Frameworks",
					"@loader_path/Frameworks",
				);
				PRODUCT_BUNDLE_IDENTIFIER = com.davebarfoot.DRBCircularSliderUITests;
				PRODUCT_NAME = "$(TARGET_NAME)";
				SWIFT_VERSION = 5.0;
				TARGETED_DEVICE_FAMILY = "1,2";
				TEST_TARGET_NAME = DRBCircularSlider;
			};
			name = Release;
		};
/* End XCBuildConfiguration section */

/* Begin XCConfigurationList section */
		6332974C22B288220021F7F2 /* Build configuration list for PBXProject "DRBCircularSlider" */ = {
			isa = XCConfigurationList;
			buildConfigurations = (
				6332977922B288240021F7F2 /* Debug */,
				6332977A22B288240021F7F2 /* Release */,
			);
			defaultConfigurationIsVisible = 0;
			defaultConfigurationName = Release;
		};
		6332977B22B288240021F7F2 /* Build configuration list for PBXNativeTarget "DRBCircularSlider" */ = {
			isa = XCConfigurationList;
			buildConfigurations = (
				6332977C22B288240021F7F2 /* Debug */,
				6332977D22B288240021F7F2 /* Release */,
			);
			defaultConfigurationIsVisible = 0;
			defaultConfigurationName = Release;
		};
		6332977E22B288240021F7F2 /* Build configuration list for PBXNativeTarget "DRBCircularSliderTests" */ = {
			isa = XCConfigurationList;
			buildConfigurations = (
				6332977F22B288240021F7F2 /* Debug */,
				6332978022B288240021F7F2 /* Release */,
			);
			defaultConfigurationIsVisible = 0;
			defaultConfigurationName = Release;
		};
		6332978122B288240021F7F2 /* Build configuration list for PBXNativeTarget "DRBCircularSliderUITests" */ = {
			isa = XCConfigurationList;
			buildConfigurations = (
				6332978222B288240021F7F2 /* Debug */,
				6332978322B288240021F7F2 /* Release */,
			);
			defaultConfigurationIsVisible = 0;
			defaultConfigurationName = Release;
		};
/* End XCConfigurationList section */
	};
	rootObject = 6332974922B288220021F7F2 /* Project object */;
}
